
Microsoft Visual Studio Solution File, Format Version 12.00
# Visual Studio 14
VisualStudioVersion = 14.0.25420.1
MinimumVisualStudioVersion = 10.0.40219.1
Project("{FAE04EC0-301F-11D3-BF4B-00C04F79EFBC}") = "FL.Security.InterviewTest", "FL.Security.InterviewTest\FL.Security.InterviewTest.csproj", "{882B6A72-8959-44E5-8D84-AF0F725A9B4C}"
EndProject
Project("{FAE04EC0-301F-11D3-BF4B-00C04F79EFBC}") = "FL.Security.Repository", "FL.Security.Repository\FL.Security.Repository.csproj", "{C8636CA3-0DF7-4E63-BBB6-6A9EC497EBC1}"
EndProject
Global
	GlobalSection(SolutionConfigurationPlatforms) = preSolution
		Debug|Any CPU = Debug|Any CPU
		Release|Any CPU = Release|Any CPU
	EndGlobalSection
	GlobalSection(ProjectConfigurationPlatforms) = postSolution
		{882B6A72-8959-44E5-8D84-AF0F725A9B4C}.Debug|Any CPU.ActiveCfg = Debug|Any CPU
		{882B6A72-8959-44E5-8D84-AF0F725A9B4C}.Debug|Any CPU.Build.0 = Debug|Any CPU
		{882B6A72-8959-44E5-8D84-AF0F725A9B4C}.Release|Any CPU.ActiveCfg = Release|Any CPU
		{882B6A72-8959-44E5-8D84-AF0F725A9B4C}.Release|Any CPU.Build.0 = Release|Any CPU
		{C8636CA3-0DF7-4E63-BBB6-6A9EC497EBC1}.Debug|Any CPU.ActiveCfg = Debug|Any CPU
		{C8636CA3-0DF7-4E63-BBB6-6A9EC497EBC1}.Debug|Any CPU.Build.0 = Debug|Any CPU
		{C8636CA3-0DF7-4E63-BBB6-6A9EC497EBC1}.Release|Any CPU.ActiveCfg = Release|Any CPU
		{C8636CA3-0DF7-4E63-BBB6-6A9EC497EBC1}.Release|Any CPU.Build.0 = Release|Any CPU
	EndGlobalSection
	GlobalSection(SolutionProperties) = preSolution
		HideSolutionNode = FALSE
	EndGlobalSection
EndGlobal
